// !$*UTF8*$!
{
	archiveVersion = 1;
	classes = {
	};
	objectVersion = 55;
	objects = {

/* Begin PBXBuildFile section */
		BD597C8A28A53E5B00B6810D /* AppDelegate.swift in Sources */ = {isa = PBXBuildFile; fileRef = BD597C8928A53E5B00B6810D /* AppDelegate.swift */; };
		BD597C8C28A53E5B00B6810D /* SceneDelegate.swift in Sources */ = {isa = PBXBuildFile; fileRef = BD597C8B28A53E5B00B6810D /* SceneDelegate.swift */; };
		BD597C8E28A53E5B00B6810D /* ViewController.swift in Sources */ = {isa = PBXBuildFile; fileRef = BD597C8D28A53E5B00B6810D /* ViewController.swift */; };
		BD597C9128A53E5B00B6810D /* Main.storyboard in Resources */ = {isa = PBXBuildFile; fileRef = BD597C8F28A53E5B00B6810D /* Main.storyboard */; };
		BD597C9428A53E5B00B6810D /* intotosegues.xcdatamodeld in Sources */ = {isa = PBXBuildFile; fileRef = BD597C9228A53E5B00B6810D /* intotosegues.xcdatamodeld */; };
		BD597C9628A53E5E00B6810D /* Assets.xcassets in Resources */ = {isa = PBXBuildFile; fileRef = BD597C9528A53E5E00B6810D /* Assets.xcassets */; };
		BD597C9928A53E5E00B6810D /* LaunchScreen.storyboard in Resources */ = {isa = PBXBuildFile; fileRef = BD597C9728A53E5E00B6810D /* LaunchScreen.storyboard */; };
		BD597CA428A53E5E00B6810D /* intotoseguesTests.swift in Sources */ = {isa = PBXBuildFile; fileRef = BD597CA328A53E5E00B6810D /* intotoseguesTests.swift */; };
		BD597CAE28A53E5E00B6810D /* intotoseguesUITests.swift in Sources */ = {isa = PBXBuildFile; fileRef = BD597CAD28A53E5E00B6810D /* intotoseguesUITests.swift */; };
		BD597CB028A53E5E00B6810D /* intotoseguesUITestsLaunchTests.swift in Sources */ = {isa = PBXBuildFile; fileRef = BD597CAF28A53E5E00B6810D /* intotoseguesUITestsLaunchTests.swift */; };
		BD597CBD28A5429800B6810D /* ViewController2.swift in Sources */ = {isa = PBXBuildFile; fileRef = BD597CBC28A5429800B6810D /* ViewController2.swift */; };
/* End PBXBuildFile section */

/* Begin PBXContainerItemProxy section */
		BD597CA028A53E5E00B6810D /* PBXContainerItemProxy */ = {
			isa = PBXContainerItemProxy;
			containerPortal = BD597C7E28A53E5B00B6810D /* Project object */;
			proxyType = 1;
			remoteGlobalIDString = BD597C8528A53E5B00B6810D;
			remoteInfo = intotosegues;
		};
		BD597CAA28A53E5E00B6810D /* PBXContainerItemProxy */ = {
			isa = PBXContainerItemProxy;
			containerPortal = BD597C7E28A53E5B00B6810D /* Project object */;
			proxyType = 1;
			remoteGlobalIDString = BD597C8528A53E5B00B6810D;
			remoteInfo = intotosegues;
		};
/* End PBXContainerItemProxy section */

/* Begin PBXFileReference section */
		BD597C8628A53E5B00B6810D /* intotosegues.app */ = {isa = PBXFileReference; explicitFileType = wrapper.application; includeInIndex = 0; path = intotosegues.app; sourceTree = BUILT_PRODUCTS_DIR; };
		BD597C8928A53E5B00B6810D /* AppDelegate.swift */ = {isa = PBXFileReference; lastKnownFileType = sourcecode.swift; path = AppDelegate.swift; sourceTree = "<group>"; };
		BD597C8B28A53E5B00B6810D /* SceneDelegate.swift */ = {isa = PBXFileReference; lastKnownFileType = sourcecode.swift; path = SceneDelegate.swift; sourceTree = "<group>"; };
		BD597C8D28A53E5B00B6810D /* ViewController.swift */ = {isa = PBXFileReference; lastKnownFileType = sourcecode.swift; path = ViewController.swift; sourceTree = "<group>"; };
		BD597C9028A53E5B00B6810D /* Base */ = {isa = PBXFileReference; lastKnownFileType = file.storyboard; name = Base; path = Base.lproj/Main.storyboard; sourceTree = "<group>"; };
		BD597C9328A53E5B00B6810D /* intotosegues.xcdatamodel */ = {isa = PBXFileReference; lastKnownFileType = wrapper.xcdatamodel; path = intotosegues.xcdatamodel; sourceTree = "<group>"; };
		BD597C9528A53E5E00B6810D /* Assets.xcassets */ = {isa = PBXFileReference; lastKnownFileType = folder.assetcatalog; path = Assets.xcassets; sourceTree = "<group>"; };
		BD597C9828A53E5E00B6810D /* Base */ = {isa = PBXFileReference; lastKnownFileType = file.storyboard; name = Base; path = Base.lproj/LaunchScreen.storyboard; sourceTree = "<group>"; };
		BD597C9A28A53E5E00B6810D /* Info.plist */ = {isa = PBXFileReference; lastKnownFileType = text.plist.xml; path = Info.plist; sourceTree = "<group>"; };
		BD597C9F28A53E5E00B6810D /* intotoseguesTests.xctest */ = {isa = PBXFileReference; explicitFileType = wrapper.cfbundle; includeInIndex = 0; path = intotoseguesTests.xctest; sourceTree = BUILT_PRODUCTS_DIR; };
		BD597CA328A53E5E00B6810D /* intotoseguesTests.swift */ = {isa = PBXFileReference; lastKnownFileType = sourcecode.swift; path = intotoseguesTests.swift; sourceTree = "<group>"; };
		BD597CA928A53E5E00B6810D /* intotoseguesUITests.xctest */ = {isa = PBXFileReference; explicitFileType = wrapper.cfbundle; includeInIndex = 0; path = intotoseguesUITests.xctest; sourceTree = BUILT_PRODUCTS_DIR; };
		BD597CAD28A53E5E00B6810D /* intotoseguesUITests.swift */ = {isa = PBXFileReference; lastKnownFileType = sourcecode.swift; path = intotoseguesUITests.swift; sourceTree = "<group>"; };
		BD597CAF28A53E5E00B6810D /* intotoseguesUITestsLaunchTests.swift */ = {isa = PBXFileReference; lastKnownFileType = sourcecode.swift; path = intotoseguesUITestsLaunchTests.swift; sourceTree = "<group>"; };
		BD597CBC28A5429800B6810D /* ViewController2.swift */ = {isa = PBXFileReference; lastKnownFileType = sourcecode.swift; path = ViewController2.swift; sourceTree = "<group>"; };
/* End PBXFileReference section */

/* Begin PBXFrameworksBuildPhase section */
		BD597C8328A53E5B00B6810D /* Frameworks */ = {
			isa = PBXFrameworksBuildPhase;
			buildActionMask = 2147483647;
			files = (
			);
			runOnlyForDeploymentPostprocessing = 0;
		};
		BD597C9C28A53E5E00B6810D /* Frameworks */ = {
			isa = PBXFrameworksBuildPhase;
			buildActionMask = 2147483647;
			files = (
			);
			runOnlyForDeploymentPostprocessing = 0;
		};
		BD597CA628A53E5E00B6810D /* Frameworks */ = {
			isa = PBXFrameworksBuildPhase;
			buildActionMask = 2147483647;
			files = (
			);
			runOnlyForDeploymentPostprocessing = 0;
		};
/* End PBXFrameworksBuildPhase section */

/* Begin PBXGroup section */
		BD597C7D28A53E5B00B6810D = {
			isa = PBXGroup;
			children = (
				BD597C8828A53E5B00B6810D /* intotosegues */,
				BD597CA228A53E5E00B6810D /* intotoseguesTests */,
				BD597CAC28A53E5E00B6810D /* intotoseguesUITests */,
				BD597C8728A53E5B00B6810D /* Products */,
			);
			sourceTree = "<group>";
		};
		BD597C8728A53E5B00B6810D /* Products */ = {
			isa = PBXGroup;
			children = (
				BD597C8628A53E5B00B6810D /* intotosegues.app */,
				BD597C9F28A53E5E00B6810D /* intotoseguesTests.xctest */,
				BD597CA928A53E5E00B6810D /* intotoseguesUITests.xctest */,
			);
			name = Products;
			sourceTree = "<group>";
		};
		BD597C8828A53E5B00B6810D /* intotosegues */ = {
			isa = PBXGroup;
			children = (
				BD597C8928A53E5B00B6810D /* AppDelegate.swift */,
				BD597C8B28A53E5B00B6810D /* SceneDelegate.swift */,
				BD597C8D28A53E5B00B6810D /* ViewController.swift */,
				BD597C8F28A53E5B00B6810D /* Main.storyboard */,
				BD597C9528A53E5E00B6810D /* Assets.xcassets */,
				BD597C9728A53E5E00B6810D /* LaunchScreen.storyboard */,
				BD597C9A28A53E5E00B6810D /* Info.plist */,
				BD597C9228A53E5B00B6810D /* intotosegues.xcdatamodeld */,
				BD597CBC28A5429800B6810D /* ViewController2.swift */,
			);
			path = intotosegues;
			sourceTree = "<group>";
		};
		BD597CA228A53E5E00B6810D /* intotoseguesTests */ = {
			isa = PBXGroup;
			children = (
				BD597CA328A53E5E00B6810D /* intotoseguesTests.swift */,
			);
			path = intotoseguesTests;
			sourceTree = "<group>";
		};
		BD597CAC28A53E5E00B6810D /* intotoseguesUITests */ = {
			isa = PBXGroup;
			children = (
				BD597CAD28A53E5E00B6810D /* intotoseguesUITests.swift */,
				BD597CAF28A53E5E00B6810D /* intotoseguesUITestsLaunchTests.swift */,
			);
			path = intotoseguesUITests;
			sourceTree = "<group>";
		};
/* End PBXGroup section */

/* Begin PBXNativeTarget section */
		BD597C8528A53E5B00B6810D /* intotosegues */ = {
			isa = PBXNativeTarget;
			buildConfigurationList = BD597CB328A53E5E00B6810D /* Build configuration list for PBXNativeTarget "intotosegues" */;
			buildPhases = (
				BD597C8228A53E5B00B6810D /* Sources */,
				BD597C8328A53E5B00B6810D /* Frameworks */,
				BD597C8428A53E5B00B6810D /* Resources */,
			);
			buildRules = (
			);
			dependencies = (
			);
			name = intotosegues;
			productName = intotosegues;
			productReference = BD597C8628A53E5B00B6810D /* intotosegues.app */;
			productType = "com.apple.product-type.application";
		};
		BD597C9E28A53E5E00B6810D /* intotoseguesTests */ = {
			isa = PBXNativeTarget;
			buildConfigurationList = BD597CB628A53E5E00B6810D /* Build configuration list for PBXNativeTarget "intotoseguesTests" */;
			buildPhases = (
				BD597C9B28A53E5E00B6810D /* Sources */,
				BD597C9C28A53E5E00B6810D /* Frameworks */,
				BD597C9D28A53E5E00B6810D /* Resources */,
			);
			buildRules = (
			);
			dependencies = (
				BD597CA128A53E5E00B6810D /* PBXTargetDependency */,
			);
			name = intotoseguesTests;
			productName = intotoseguesTests;
			productReference = BD597C9F28A53E5E00B6810D /* intotoseguesTests.xctest */;
			productType = "com.apple.product-type.bundle.unit-test";
		};
		BD597CA828A53E5E00B6810D /* intotoseguesUITests */ = {
			isa = PBXNativeTarget;
			buildConfigurationList = BD597CB928A53E5E00B6810D /* Build configuration list for PBXNativeTarget "intotoseguesUITests" */;
			buildPhases = (
				BD597CA528A53E5E00B6810D /* Sources */,
				BD597CA628A53E5E00B6810D /* Frameworks */,
				BD597CA728A53E5E00B6810D /* Resources */,
			);
			buildRules = (
			);
			dependencies = (
				BD597CAB28A53E5E00B6810D /* PBXTargetDependency */,
			);
			name = intotoseguesUITests;
			productName = intotoseguesUITests;
			productReference = BD597CA928A53E5E00B6810D /* intotoseguesUITests.xctest */;
			productType = "com.apple.product-type.bundle.ui-testing";
		};
/* End PBXNativeTarget section */

/* Begin PBXProject section */
		BD597C7E28A53E5B00B6810D /* Project object */ = {
			isa = PBXProject;
			attributes = {
				BuildIndependentTargetsInParallel = 1;
				LastSwiftUpdateCheck = 1340;
				LastUpgradeCheck = 1340;
				TargetAttributes = {
					BD597C8528A53E5B00B6810D = {
						CreatedOnToolsVersion = 13.4.1;
					};
					BD597C9E28A53E5E00B6810D = {
						CreatedOnToolsVersion = 13.4.1;
						TestTargetID = BD597C8528A53E5B00B6810D;
					};
					BD597CA828A53E5E00B6810D = {
						CreatedOnToolsVersion = 13.4.1;
						TestTargetID = BD597C8528A53E5B00B6810D;
					};
				};
			};
			buildConfigurationList = BD597C8128A53E5B00B6810D /* Build configuration list for PBXProject "intotosegues" */;
			compatibilityVersion = "Xcode 13.0";
			developmentRegion = en;
			hasScannedForEncodings = 0;
			knownRegions = (
				en,
				Base,
			);
			mainGroup = BD597C7D28A53E5B00B6810D;
			productRefGroup = BD597C8728A53E5B00B6810D /* Products */;
			projectDirPath = "";
			projectRoot = "";
			targets = (
				BD597C8528A53E5B00B6810D /* intotosegues */,
				BD597C9E28A53E5E00B6810D /* intotoseguesTests */,
				BD597CA828A53E5E00B6810D /* intotoseguesUITests */,
			);
		};
/* End PBXProject section */

/* Begin PBXResourcesBuildPhase section */
		BD597C8428A53E5B00B6810D /* Resources */ = {
			isa = PBXResourcesBuildPhase;
			buildActionMask = 2147483647;
			files = (
				BD597C9928A53E5E00B6810D /* LaunchScreen.storyboard in Resources */,
				BD597C9628A53E5E00B6810D /* Assets.xcassets in Resources */,
				BD597C9128A53E5B00B6810D /* Main.storyboard in Resources */,
			);
			runOnlyForDeploymentPostprocessing = 0;
		};
		BD597C9D28A53E5E00B6810D /* Resources */ = {
			isa = PBXResourcesBuildPhase;
			buildActionMask = 2147483647;
			files = (
			);
			runOnlyForDeploymentPostprocessing = 0;
		};
		BD597CA728A53E5E00B6810D /* Resources */ = {
			isa = PBXResourcesBuildPhase;
			buildActionMask = 2147483647;
			files = (
			);
			runOnlyForDeploymentPostprocessing = 0;
		};
/* End PBXResourcesBuildPhase section */

/* Begin PBXSourcesBuildPhase section */
		BD597C8228A53E5B00B6810D /* Sources */ = {
			isa = PBXSourcesBuildPhase;
			buildActionMask = 2147483647;
			files = (
				BD597CBD28A5429800B6810D /* ViewController2.swift in Sources */,
				BD597C8E28A53E5B00B6810D /* ViewController.swift in Sources */,
				BD597C8A28A53E5B00B6810D /* AppDelegate.swift in Sources */,
				BD597C9428A53E5B00B6810D /* intotosegues.xcdatamodeld in Sources */,
				BD597C8C28A53E5B00B6810D /* SceneDelegate.swift in Sources */,
			);
			runOnlyForDeploymentPostprocessing = 0;
		};
		BD597C9B28A53E5E00B6810D /* Sources */ = {
			isa = PBXSourcesBuildPhase;
			buildActionMask = 2147483647;
			files = (
				BD597CA428A53E5E00B6810D /* intotoseguesTests.swift in Sources */,
			);
			runOnlyForDeploymentPostprocessing = 0;
		};
		BD597CA528A53E5E00B6810D /* Sources */ = {
			isa = PBXSourcesBuildPhase;
			buildActionMask = 2147483647;
			files = (
				BD597CAE28A53E5E00B6810D /* intotoseguesUITests.swift in Sources */,
				BD597CB028A53E5E00B6810D /* intotoseguesUITestsLaunchTests.swift in Sources */,
			);
			runOnlyForDeploymentPostprocessing = 0;
		};
/* End PBXSourcesBuildPhase section */

/* Begin PBXTargetDependency section */
		BD597CA128A53E5E00B6810D /* PBXTargetDependency */ = {
			isa = PBXTargetDependency;
			target = BD597C8528A53E5B00B6810D /* intotosegues */;
			targetProxy = BD597CA028A53E5E00B6810D /* PBXContainerItemProxy */;
		};
		BD597CAB28A53E5E00B6810D /* PBXTargetDependency */ = {
			isa = PBXTargetDependency;
			target = BD597C8528A53E5B00B6810D /* intotosegues */;
			targetProxy = BD597CAA28A53E5E00B6810D /* PBXContainerItemProxy */;
		};
/* End PBXTargetDependency section */

/* Begin PBXVariantGroup section */
		BD597C8F28A53E5B00B6810D /* Main.storyboard */ = {
			isa = PBXVariantGroup;
			children = (
				BD597C9028A53E5B00B6810D /* Base */,
			);
			name = Main.storyboard;
			sourceTree = "<group>";
		};
		BD597C9728A53E5E00B6810D /* LaunchScreen.storyboard */ = {
			isa = PBXVariantGroup;
			children = (
				BD597C9828A53E5E00B6810D /* Base */,
			);
			name = LaunchScreen.storyboard;
			sourceTree = "<group>";
		};
/* End PBXVariantGroup section */

/* Begin XCBuildConfiguration section */
		BD597CB128A53E5E00B6810D /* Debug */ = {
			isa = XCBuildConfiguration;
			buildSettings = {
				ALWAYS_SEARCH_USER_PATHS = NO;
				CLANG_ANALYZER_NONNULL = YES;
				CLANG_ANALYZER_NUMBER_OBJECT_CONVERSION = YES_AGGRESSIVE;
				CLANG_CXX_LANGUAGE_STANDARD = "gnu++17";
				CLANG_ENABLE_MODULES = YES;
				CLANG_ENABLE_OBJC_ARC = YES;
				CLANG_ENABLE_OBJC_WEAK = YES;
				CLANG_WARN_BLOCK_CAPTURE_AUTORELEASING = YES;
				CLANG_WARN_BOOL_CONVERSION = YES;
				CLANG_WARN_COMMA = YES;
				CLANG_WARN_CONSTANT_CONVERSION = YES;
				CLANG_WARN_DEPRECATED_OBJC_IMPLEMENTATIONS = YES;
				CLANG_WARN_DIRECT_OBJC_ISA_USAGE = YES_ERROR;
				CLANG_WARN_DOCUMENTATION_COMMENTS = YES;
				CLANG_WARN_EMPTY_BODY = YES;
				CLANG_WARN_ENUM_CONVERSION = YES;
				CLANG_WARN_INFINITE_RECURSION = YES;
				CLANG_WARN_INT_CONVERSION = YES;
				CLANG_WARN_NON_LITERAL_NULL_CONVERSION = YES;
				CLANG_WARN_OBJC_IMPLICIT_RETAIN_SELF = YES;
				CLANG_WARN_OBJC_LITERAL_CONVERSION = YES;
				CLANG_WARN_OBJC_ROOT_CLASS = YES_ERROR;
				CLANG_WARN_QUOTED_INCLUDE_IN_FRAMEWORK_HEADER = YES;
				CLANG_WARN_RANGE_LOOP_ANALYSIS = YES;
				CLANG_WARN_STRICT_PROTOTYPES = YES;
				CLANG_WARN_SUSPICIOUS_MOVE = YES;
				CLANG_WARN_UNGUARDED_AVAILABILITY = YES_AGGRESSIVE;
				CLANG_WARN_UNREACHABLE_CODE = YES;
				CLANG_WARN__DUPLICATE_METHOD_MATCH = YES;
				COPY_PHASE_STRIP = NO;
				DEBUG_INFORMATION_FORMAT = dwarf;
				ENABLE_STRICT_OBJC_MSGSEND = YES;
				ENABLE_TESTABILITY = YES;
				GCC_C_LANGUAGE_STANDARD = gnu11;
				GCC_DYNAMIC_NO_PIC = NO;
				GCC_NO_COMMON_BLOCKS = YES;
				GCC_OPTIMIZATION_LEVEL = 0;
				GCC_PREPROCESSOR_DEFINITIONS = (
					"DEBUG=1",
					"$(inherited)",
				);
				GCC_WARN_64_TO_32_BIT_CONVERSION = YES;
				GCC_WARN_ABOUT_RETURN_TYPE = YES_ERROR;
				GCC_WARN_UNDECLARED_SELECTOR = YES;
				GCC_WARN_UNINITIALIZED_AUTOS = YES_AGGRESSIVE;
				GCC_WARN_UNUSED_FUNCTION = YES;
				GCC_WARN_UNUSED_VARIABLE = YES;
				IPHONEOS_DEPLOYMENT_TARGET = 15.5;
				MTL_ENABLE_DEBUG_INFO = INCLUDE_SOURCE;
				MTL_FAST_MATH = YES;
				ONLY_ACTIVE_ARCH = YES;
				SDKROOT = iphoneos;
				SWIFT_ACTIVE_COMPILATION_CONDITIONS = DEBUG;
				SWIFT_OPTIMIZATION_LEVEL = "-Onone";
			};
			name = Debug;
		};
		BD597CB228A53E5E00B6810D /* Release */ = {
			isa = XCBuildConfiguration;
			buildSettings = {
				ALWAYS_SEARCH_USER_PATHS = NO;
				CLANG_ANALYZER_NONNULL = YES;
				CLANG_ANALYZER_NUMBER_OBJECT_CONVERSION = YES_AGGRESSIVE;
				CLANG_CXX_LANGUAGE_STANDARD = "gnu++17";
				CLANG_ENABLE_MODULES = YES;
				CLANG_ENABLE_OBJC_ARC = YES;
				CLANG_ENABLE_OBJC_WEAK = YES;
				CLANG_WARN_BLOCK_CAPTURE_AUTORELEASING = YES;
				CLANG_WARN_BOOL_CONVERSION = YES;
				CLANG_WARN_COMMA = YES;
				CLANG_WARN_CONSTANT_CONVERSION = YES;
				CLANG_WARN_DEPRECATED_OBJC_IMPLEMENTATIONS = YES;
				CLANG_WARN_DIRECT_OBJC_ISA_USAGE = YES_ERROR;
				CLANG_WARN_DOCUMENTATION_COMMENTS = YES;
				CLANG_WARN_EMPTY_BODY = YES;
				CLANG_WARN_ENUM_CONVERSION = YES;
				CLANG_WARN_INFINITE_RECURSION = YES;
				CLANG_WARN_INT_CONVERSION = YES;
				CLANG_WARN_NON_LITERAL_NULL_CONVERSION = YES;
				CLANG_WARN_OBJC_IMPLICIT_RETAIN_SELF = YES;
				CLANG_WARN_OBJC_LITERAL_CONVERSION = YES;
				CLANG_WARN_OBJC_ROOT_CLASS = YES_ERROR;
				CLANG_WARN_QUOTED_INCLUDE_IN_FRAMEWORK_HEADER = YES;
				CLANG_WARN_RANGE_LOOP_ANALYSIS = YES;
				CLANG_WARN_STRICT_PROTOTYPES = YES;
				CLANG_WARN_SUSPICIOUS_MOVE = YES;
				CLANG_WARN_UNGUARDED_AVAILABILITY = YES_AGGRESSIVE;
				CLANG_WARN_UNREACHABLE_CODE = YES;
				CLANG_WARN__DUPLICATE_METHOD_MATCH = YES;
				COPY_PHASE_STRIP = NO;
				DEBUG_INFORMATION_FORMAT = "dwarf-with-dsym";
				ENABLE_NS_ASSERTIONS = NO;
				ENABLE_STRICT_OBJC_MSGSEND = YES;
				GCC_C_LANGUAGE_STANDARD = gnu11;
				GCC_NO_COMMON_BLOCKS = YES;
				GCC_WARN_64_TO_32_BIT_CONVERSION = YES;
				GCC_WARN_ABOUT_RETURN_TYPE = YES_ERROR;
				GCC_WARN_UNDECLARED_SELECTOR = YES;
				GCC_WARN_UNINITIALIZED_AUTOS = YES_AGGRESSIVE;
				GCC_WARN_UNUSED_FUNCTION = YES;
				GCC_WARN_UNUSED_VARIABLE = YES;
				IPHONEOS_DEPLOYMENT_TARGET = 15.5;
				MTL_ENABLE_DEBUG_INFO = NO;
				MTL_FAST_MATH = YES;
				SDKROOT = iphoneos;
				SWIFT_COMPILATION_MODE = wholemodule;
				SWIFT_OPTIMIZATION_LEVEL = "-O";
				VALIDATE_PRODUCT = YES;
			};
			name = Release;
		};
		BD597CB428A53E5E00B6810D /* Debug */ = {
			isa = XCBuildConfiguration;
			buildSettings = {
				ASSETCATALOG_COMPILER_APPICON_NAME = AppIcon;
				ASSETCATALOG_COMPILER_GLOBAL_ACCENT_COLOR_NAME = AccentColor;
				CODE_SIGN_STYLE = Automatic;
				CURRENT_PROJECT_VERSION = 1;
				GENERATE_INFOPLIST_FILE = YES;
				INFOPLIST_FILE = intotosegues/Info.plist;
				INFOPLIST_KEY_UIApplicationSupportsIndirectInputEvents = YES;
				INFOPLIST_KEY_UILaunchStoryboardName = LaunchScreen;
				INFOPLIST_KEY_UIMainStoryboardFile = Main;
				INFOPLIST_KEY_UISupportedInterfaceOrientations_iPad = "UIInterfaceOrientationPortrait UIInterfaceOrientationPortraitUpsideDown UIInterfaceOrientationLandscapeLeft UIInterfaceOrientationLandscapeRight";
				INFOPLIST_KEY_UISupportedInterfaceOrientations_iPhone = "UIInterfaceOrientationPortrait UIInterfaceOrientationLandscapeLeft UIInterfaceOrientationLandscapeRight";
				LD_RUNPATH_SEARCH_PATHS = (
					"$(inherited)",
					"@executable_path/Frameworks",
				);
				MARKETING_VERSION = 1.0;
				PRODUCT_BUNDLE_IDENTIFIER = kwk.intotosegues;
				PRODUCT_NAME = "$(TARGET_NAME)";
				SWIFT_EMIT_LOC_STRINGS = YES;
				SWIFT_VERSION = 5.0;
				TARGETED_DEVICE_FAMILY = "1,2";
			};
			name = Debug;
		};
		BD597CB528A53E5E00B6810D /* Release */ = {
			isa = XCBuildConfiguration;
			buildSettings = {
				ASSETCATALOG_COMPILER_APPICON_NAME = AppIcon;
				ASSETCATALOG_COMPILER_GLOBAL_ACCENT_COLOR_NAME = AccentColor;
				CODE_SIGN_STYLE = Automatic;
				CURRENT_PROJECT_VERSION = 1;
				GENERATE_INFOPLIST_FILE = YES;
				INFOPLIST_FILE = intotosegues/Info.plist;
				INFOPLIST_KEY_UIApplicationSupportsIndirectInputEvents = YES;
				INFOPLIST_KEY_UILaunchStoryboardName = LaunchScreen;
				INFOPLIST_KEY_UIMainStoryboardFile = Main;
				INFOPLIST_KEY_UISupportedInterfaceOrientations_iPad = "UIInterfaceOrientationPortrait UIInterfaceOrientationPortraitUpsideDown UIInterfaceOrientationLandscapeLeft UIInterfaceOrientationLandscapeRight";
				INFOPLIST_KEY_UISupportedInterfaceOrientations_iPhone = "UIInterfaceOrientationPortrait UIInterfaceOrientationLandscapeLeft UIInterfaceOrientationLandscapeRight";
				LD_RUNPATH_SEARCH_PATHS = (
					"$(inherited)",
					"@executable_path/Frameworks",
				);
				MARKETING_VERSION = 1.0;
				PRODUCT_BUNDLE_IDENTIFIER = kwk.intotosegues;
				PRODUCT_NAME = "$(TARGET_NAME)";
				SWIFT_EMIT_LOC_STRINGS = YES;
				SWIFT_VERSION = 5.0;
				TARGETED_DEVICE_FAMILY = "1,2";
			};
			name = Release;
		};
		BD597CB728A53E5E00B6810D /* Debug */ = {
			isa = XCBuildConfiguration;
			buildSettings = {
				ALWAYS_EMBED_SWIFT_STANDARD_LIBRARIES = YES;
				BUNDLE_LOADER = "$(TEST_HOST)";
				CODE_SIGN_STYLE = Automatic;
				CURRENT_PROJECT_VERSION = 1;
				GENERATE_INFOPLIST_FILE = YES;
				IPHONEOS_DEPLOYMENT_TARGET = 15.5;
				MARKETING_VERSION = 1.0;
				PRODUCT_BUNDLE_IDENTIFIER = kwk.intotoseguesTests;
				PRODUCT_NAME = "$(TARGET_NAME)";
				SWIFT_EMIT_LOC_STRINGS = NO;
				SWIFT_VERSION = 5.0;
				TARGETED_DEVICE_FAMILY = "1,2";
				TEST_HOST = "$(BUILT_PRODUCTS_DIR)/intotosegues.app/intotosegues";
			};
			name = Debug;
		};
		BD597CB828A53E5E00B6810D /* Release */ = {
			isa = XCBuildConfiguration;
			buildSettings = {
				ALWAYS_EMBED_SWIFT_STANDARD_LIBRARIES = YES;
				BUNDLE_LOADER = "$(TEST_HOST)";
				CODE_SIGN_STYLE = Automatic;
				CURRENT_PROJECT_VERSION = 1;
				GENERATE_INFOPLIST_FILE = YES;
				IPHONEOS_DEPLOYMENT_TARGET = 15.5;
				MARKETING_VERSION = 1.0;
				PRODUCT_BUNDLE_IDENTIFIER = kwk.intotoseguesTests;
				PRODUCT_NAME = "$(TARGET_NAME)";
				SWIFT_EMIT_LOC_STRINGS = NO;
				SWIFT_VERSION = 5.0;
				TARGETED_DEVICE_FAMILY = "1,2";
				TEST_HOST = "$(BUILT_PRODUCTS_DIR)/intotosegues.app/intotosegues";
			};
			name = Release;
		};
		BD597CBA28A53E5E00B6810D /* Debug */ = {
			isa = XCBuildConfiguration;
			buildSettings = {
				ALWAYS_EMBED_SWIFT_STANDARD_LIBRARIES = YES;
				CODE_SIGN_STYLE = Automatic;
				CURRENT_PROJECT_VERSION = 1;
				GENERATE_INFOPLIST_FILE = YES;
				MARKETING_VERSION = 1.0;
				PRODUCT_BUNDLE_IDENTIFIER = kwk.intotoseguesUITests;
				PRODUCT_NAME = "$(TARGET_NAME)";
				SWIFT_EMIT_LOC_STRINGS = NO;
				SWIFT_VERSION = 5.0;
				TARGETED_DEVICE_FAMILY = "1,2";
				TEST_TARGET_NAME = intotosegues;
			};
			name = Debug;
		};
		BD597CBB28A53E5E00B6810D /* Release */ = {
			isa = XCBuildConfiguration;
			buildSettings = {
				ALWAYS_EMBED_SWIFT_STANDARD_LIBRARIES = YES;
				CODE_SIGN_STYLE = Automatic;
				CURRENT_PROJECT_VERSION = 1;
				GENERATE_INFOPLIST_FILE = YES;
				MARKETING_VERSION = 1.0;
				PRODUCT_BUNDLE_IDENTIFIER = kwk.intotoseguesUITests;
				PRODUCT_NAME = "$(TARGET_NAME)";
				SWIFT_EMIT_LOC_STRINGS = NO;
				SWIFT_VERSION = 5.0;
				TARGETED_DEVICE_FAMILY = "1,2";
				TEST_TARGET_NAME = intotosegues;
			};
			name = Release;
		};
/* End XCBuildConfiguration section */

/* Begin XCConfigurationList section */
		BD597C8128A53E5B00B6810D /* Build configuration list for PBXProject "intotosegues" */ = {
			isa = XCConfigurationList;
			buildConfigurations = (
				BD597CB128A53E5E00B6810D /* Debug */,
				BD597CB228A53E5E00B6810D /* Release */,
			);
			defaultConfigurationIsVisible = 0;
			defaultConfigurationName = Release;
		};
		BD597CB328A53E5E00B6810D /* Build configuration list for PBXNativeTarget "intotosegues" */ = {
			isa = XCConfigurationList;
			buildConfigurations = (
				BD597CB428A53E5E00B6810D /* Debug */,
				BD597CB528A53E5E00B6810D /* Release */,
			);
			defaultConfigurationIsVisible = 0;
			defaultConfigurationName = Release;
		};
		BD597CB628A53E5E00B6810D /* Build configuration list for PBXNativeTarget "intotoseguesTests" */ = {
			isa = XCConfigurationList;
			buildConfigurations = (
				BD597CB728A53E5E00B6810D /* Debug */,
				BD597CB828A53E5E00B6810D /* Release */,
			);
			defaultConfigurationIsVisible = 0;
			defaultConfigurationName = Release;
		};
		BD597CB928A53E5E00B6810D /* Build configuration list for PBXNativeTarget "intotoseguesUITests" */ = {
			isa = XCConfigurationList;
			buildConfigurations = (
				BD597CBA28A53E5E00B6810D /* Debug */,
				BD597CBB28A53E5E00B6810D /* Release */,
			);
			defaultConfigurationIsVisible = 0;
			defaultConfigurationName = Release;
		};
/* End XCConfigurationList section */

/* Begin XCVersionGroup section */
		BD597C9228A53E5B00B6810D /* intotosegues.xcdatamodeld */ = {
			isa = XCVersionGroup;
			children = (
				BD597C9328A53E5B00B6810D /* intotosegues.xcdatamodel */,
			);
			currentVersion = BD597C9328A53E5B00B6810D /* intotosegues.xcdatamodel */;
			path = intotosegues.xcdatamodeld;
			sourceTree = "<group>";
			versionGroupType = wrapper.xcdatamodel;
		};
/* End XCVersionGroup section */
	};
	rootObject = BD597C7E28A53E5B00B6810D /* Project object */;
}
